
Microsoft Visual Studio Solution File, Format Version 11.00
# Visual Studio 2010
Project("{FAE04EC0-301F-11D3-BF4B-00C04F79EFBC}") = "WcfServer", "WcfServer\WcfServer.csproj", "{412F4BC5-F298-4B3D-897B-39C2AB336146}"
EndProject
Project("{FAE04EC0-301F-11D3-BF4B-00C04F79EFBC}") = "WcfKlient", "WcfKlient\WcfKlient.csproj", "{519CEAB9-AAFA-4E77-B1EE-48ACFBEFB18F}"
EndProject
Global
	GlobalSection(SolutionConfigurationPlatforms) = preSolution
		Debug|Any CPU = Debug|Any CPU
		Release|Any CPU = Release|Any CPU
	EndGlobalSection
	GlobalSection(ProjectConfigurationPlatforms) = postSolution
		{412F4BC5-F298-4B3D-897B-39C2AB336146}.Debug|Any CPU.ActiveCfg = Debug|Any CPU
		{412F4BC5-F298-4B3D-897B-39C2AB336146}.Debug|Any CPU.Build.0 = Debug|Any CPU
		{412F4BC5-F298-4B3D-897B-39C2AB336146}.Release|Any CPU.ActiveCfg = Release|Any CPU
		{412F4BC5-F298-4B3D-897B-39C2AB336146}.Release|Any CPU.Build.0 = Release|Any CPU
		{519CEAB9-AAFA-4E77-B1EE-48ACFBEFB18F}.Debug|Any CPU.ActiveCfg = Debug|Any CPU
		{519CEAB9-AAFA-4E77-B1EE-48ACFBEFB18F}.Debug|Any CPU.Build.0 = Debug|Any CPU
		{519CEAB9-AAFA-4E77-B1EE-48ACFBEFB18F}.Release|Any CPU.ActiveCfg = Release|Any CPU
		{519CEAB9-AAFA-4E77-B1EE-48ACFBEFB18F}.Release|Any CPU.Build.0 = Release|Any CPU
	EndGlobalSection
	GlobalSection(SolutionProperties) = preSolution
		HideSolutionNode = FALSE
	EndGlobalSection
EndGlobal
